
Microsoft Visual Studio Solution File, Format Version 12.00
# Visual Studio Version 17
VisualStudioVersion = 17.4.33213.308
MinimumVisualStudioVersion = 10.0.40219.1
Project("{FAE04EC0-301F-11D3-BF4B-00C04F79EFBC}") = "IdentityManager", "IdentityManager\IdentityManager.csproj", "{01768F96-EDF7-473B-90F2-B25B29220BD3}"
EndProject
Global
	GlobalSection(SolutionConfigurationPlatforms) = preSolution
		Debug|Any CPU = Debug|Any CPU
		Release|Any CPU = Release|Any CPU
	EndGlobalSection
	GlobalSection(ProjectConfigurationPlatforms) = postSolution
		{01768F96-EDF7-473B-90F2-B25B29220BD3}.Debug|Any CPU.ActiveCfg = Debug|Any CPU
		{01768F96-EDF7-473B-90F2-B25B29220BD3}.Debug|Any CPU.Build.0 = Debug|Any CPU
		{01768F96-EDF7-473B-90F2-B25B29220BD3}.Release|Any CPU.ActiveCfg = Release|Any CPU
		{01768F96-EDF7-473B-90F2-B25B29220BD3}.Release|Any CPU.Build.0 = Release|Any CPU
	EndGlobalSection
	GlobalSection(SolutionProperties) = preSolution
		HideSolutionNode = FALSE
	EndGlobalSection
	GlobalSection(ExtensibilityGlobals) = postSolution
		SolutionGuid = {B6E6D13C-7709-4235-9025-850DAD9E0160}
	EndGlobalSection
EndGlobal
